
Microsoft Visual Studio Solution File, Format Version 12.00
# Visual Studio Version 17
VisualStudioVersion = 17.5.33627.172
MinimumVisualStudioVersion = 10.0.40219.1
Project("{FAE04EC0-301F-11D3-BF4B-00C04F79EFBC}") = "BusinessLayer", "BusinessLayer\BusinessLayer.csproj", "{0DEC308A-E2E6-4044-A456-953906722288}"
EndProject
Project("{FAE04EC0-301F-11D3-BF4B-00C04F79EFBC}") = "DataAccessLayer", "DataAccessLayer\DataAccessLayer.csproj", "{856FEBB1-96B0-4797-8E3A-03771D147796}"
EndProject
Project("{FAE04EC0-301F-11D3-BF4B-00C04F79EFBC}") = "DtoLayer", "DtoLayer\DtoLayer.csproj", "{6E6773DA-C341-414E-97DB-8372B8522974}"
EndProject
Project("{FAE04EC0-301F-11D3-BF4B-00C04F79EFBC}") = "EntityLayer", "EntityLayer\EntityLayer.csproj", "{AF032168-465D-47DD-9FF7-0AC72F9A3F93}"
EndProject
Project("{FAE04EC0-301F-11D3-BF4B-00C04F79EFBC}") = "PresentationLayer", "PresentationLayer\PresentationLayer.csproj", "{52E00F91-05B1-4037-A79D-3CFA2B09F395}"
EndProject
Global
	GlobalSection(SolutionConfigurationPlatforms) = preSolution
		Debug|Any CPU = Debug|Any CPU
		Release|Any CPU = Release|Any CPU
	EndGlobalSection
	GlobalSection(ProjectConfigurationPlatforms) = postSolution
		{0DEC308A-E2E6-4044-A456-953906722288}.Debug|Any CPU.ActiveCfg = Debug|Any CPU
		{0DEC308A-E2E6-4044-A456-953906722288}.Debug|Any CPU.Build.0 = Debug|Any CPU
		{0DEC308A-E2E6-4044-A456-953906722288}.Release|Any CPU.ActiveCfg = Release|Any CPU
		{0DEC308A-E2E6-4044-A456-953906722288}.Release|Any CPU.Build.0 = Release|Any CPU
		{856FEBB1-96B0-4797-8E3A-03771D147796}.Debug|Any CPU.ActiveCfg = Debug|Any CPU
		{856FEBB1-96B0-4797-8E3A-03771D147796}.Debug|Any CPU.Build.0 = Debug|Any CPU
		{856FEBB1-96B0-4797-8E3A-03771D147796}.Release|Any CPU.ActiveCfg = Release|Any CPU
		{856FEBB1-96B0-4797-8E3A-03771D147796}.Release|Any CPU.Build.0 = Release|Any CPU
		{6E6773DA-C341-414E-97DB-8372B8522974}.Debug|Any CPU.ActiveCfg = Debug|Any CPU
		{6E6773DA-C341-414E-97DB-8372B8522974}.Debug|Any CPU.Build.0 = Debug|Any CPU
		{6E6773DA-C341-414E-97DB-8372B8522974}.Release|Any CPU.ActiveCfg = Release|Any CPU
		{6E6773DA-C341-414E-97DB-8372B8522974}.Release|Any CPU.Build.0 = Release|Any CPU
		{AF032168-465D-47DD-9FF7-0AC72F9A3F93}.Debug|Any CPU.ActiveCfg = Debug|Any CPU
		{AF032168-465D-47DD-9FF7-0AC72F9A3F93}.Debug|Any CPU.Build.0 = Debug|Any CPU
		{AF032168-465D-47DD-9FF7-0AC72F9A3F93}.Release|Any CPU.ActiveCfg = Release|Any CPU
		{AF032168-465D-47DD-9FF7-0AC72F9A3F93}.Release|Any CPU.Build.0 = Release|Any CPU
		{52E00F91-05B1-4037-A79D-3CFA2B09F395}.Debug|Any CPU.ActiveCfg = Debug|Any CPU
		{52E00F91-05B1-4037-A79D-3CFA2B09F395}.Debug|Any CPU.Build.0 = Debug|Any CPU
		{52E00F91-05B1-4037-A79D-3CFA2B09F395}.Release|Any CPU.ActiveCfg = Release|Any CPU
		{52E00F91-05B1-4037-A79D-3CFA2B09F395}.Release|Any CPU.Build.0 = Release|Any CPU
	EndGlobalSection
	GlobalSection(SolutionProperties) = preSolution
		HideSolutionNode = FALSE
	EndGlobalSection
	GlobalSection(ExtensibilityGlobals) = postSolution
		SolutionGuid = {97C40C73-BB88-4C62-801E-A546E6AAFA49}
	EndGlobalSection
EndGlobal
